
Microsoft Visual Studio Solution File, Format Version 12.00
# Visual Studio Version 16
VisualStudioVersion = 16.0.31410.357
MinimumVisualStudioVersion = 10.0.40219.1
Project("{FAE04EC0-301F-11D3-BF4B-00C04F79EFBC}") = "DesignPatterns", "DesignPatterns\DesignPatterns.csproj", "{C77C15D8-2CFE-41A8-AD8F-85F57B974AB2}"
EndProject
Project("{FAE04EC0-301F-11D3-BF4B-00C04F79EFBC}") = "AdapterPattern", "AdapterPattern\AdapterPattern.csproj", "{29D28083-F351-4755-99DC-8D66A701D0B7}"
EndProject
Project("{FAE04EC0-301F-11D3-BF4B-00C04F79EFBC}") = "BridgePattern", "BridgePattern\BridgePattern.csproj", "{975AE170-9E91-4E61-A03E-79C80F963AEB}"
EndProject
Project("{FAE04EC0-301F-11D3-BF4B-00C04F79EFBC}") = "ChainOfReponsabilityPattern", "ChainOfReponsabilityPattern\ChainOfReponsabilityPattern.csproj", "{4AB2D2FE-CF3A-407D-B043-4E23E86565C5}"
EndProject
Project("{FAE04EC0-301F-11D3-BF4B-00C04F79EFBC}") = "CommandPattern", "CommandPattern\CommandPattern.csproj", "{C689335E-E62A-498E-B5C6-AFE6918719B6}"
EndProject
Project("{FAE04EC0-301F-11D3-BF4B-00C04F79EFBC}") = "CompositePattern", "CompositePattern\CompositePattern.csproj", "{541DFFC7-8812-4F52-9603-4928010B2CBD}"
EndProject
Project("{FAE04EC0-301F-11D3-BF4B-00C04F79EFBC}") = "DecoratorPattern", "DecoratorPattern\DecoratorPattern.csproj", "{88F72A04-0E3A-4D18-8EB6-88345B361F6C}"
EndProject
Project("{2150E333-8FDC-42A3-9474-1A3956D46DE8}") = "Solution Items", "Solution Items", "{B0BBF399-D1CB-403B-8F38-F79E3D273022}"
	ProjectSection(SolutionItems) = preProject
		.gitignore = .gitignore
	EndProjectSection
EndProject
Project("{FAE04EC0-301F-11D3-BF4B-00C04F79EFBC}") = "EventAggregatorPattern", "EventAggregatorPattern\EventAggregatorPattern.csproj", "{76B64E5F-F4DD-40AE-B314-4F5F85D7B422}"
EndProject
Project("{FAE04EC0-301F-11D3-BF4B-00C04F79EFBC}") = "FlyweightPattern", "FlyweightPattern\FlyweightPattern.csproj", "{D350546E-73B4-4C87-A61D-BEC5B136D8C5}"
EndProject
Project("{FAE04EC0-301F-11D3-BF4B-00C04F79EFBC}") = "InterpenterPattern", "InterpenterPattern\InterpenterPattern.csproj", "{72A0759F-CC06-4E57-88B4-1B283CA3CC8C}"
EndProject
Project("{9A19103F-16F7-4668-BE54-9A1E7A4F7556}") = "RulesPattern", "RulesPattern\RulesPattern.csproj", "{F4F4687F-7AC5-4901-B8C4-90F2A7C535A0}"
EndProject
Project("{9A19103F-16F7-4668-BE54-9A1E7A4F7556}") = "RulesPattern.Test", "RulesPattern.Test\RulesPattern.Test.csproj", "{13A92F06-0F3F-4AA7-ADAA-A795520B4EB5}"
EndProject
Project("{9A19103F-16F7-4668-BE54-9A1E7A4F7556}") = "NullObjectPattern", "NullObjectPattern\NullObjectPattern.csproj", "{598A6FD0-F964-4F54-AF63-1A1CD9FD8E01}"
EndProject
Project("{9A19103F-16F7-4668-BE54-9A1E7A4F7556}") = "NullObjectPattern.Test", "NullObjectPattern.Test\NullObjectPattern.Test.csproj", "{0812482E-1D63-465C-9228-55826AC5481A}"
EndProject
Project("{9A19103F-16F7-4668-BE54-9A1E7A4F7556}") = "FactoryPattern.Test", "FactoryPattern.Test\FactoryPattern.Test.csproj", "{D51F9D3C-6261-4E3C-9E26-96399455D09F}"
EndProject
Project("{9A19103F-16F7-4668-BE54-9A1E7A4F7556}") = "FactoryPattern", "FactoryPattern\FactoryPattern.csproj", "{AC332BD1-D40F-4738-AE46-55BB8A742587}"
EndProject
Project("{FAE04EC0-301F-11D3-BF4B-00C04F79EFBC}") = "BuilderPattern", "BuilderPattern\BuilderPattern.csproj", "{7B8B8D04-D032-4537-B002-D44D59286E6A}"
EndProject
Project("{9A19103F-16F7-4668-BE54-9A1E7A4F7556}") = "BuilderPattern.Test", "BuilderPattern.Test\BuilderPattern.Test.csproj", "{C544F89E-DE74-4676-9EF8-54625113859E}"
EndProject
Project("{2150E333-8FDC-42A3-9474-1A3956D46DE8}") = "Creational", "Creational", "{CDD08D52-BBF8-4171-A444-BC860662DCCC}"
EndProject
Project("{2150E333-8FDC-42A3-9474-1A3956D46DE8}") = "Behavioral", "Behavioral", "{4E04C4A4-4508-461A-8910-B00D3B4E9E76}"
EndProject
Project("{2150E333-8FDC-42A3-9474-1A3956D46DE8}") = "Structural", "Structural", "{641AEFAB-64C7-49E0-A8D6-5836F9DD6623}"
EndProject
Global
	GlobalSection(SolutionConfigurationPlatforms) = preSolution
		Debug|Any CPU = Debug|Any CPU
		Release|Any CPU = Release|Any CPU
	EndGlobalSection
	GlobalSection(ProjectConfigurationPlatforms) = postSolution
		{C77C15D8-2CFE-41A8-AD8F-85F57B974AB2}.Debug|Any CPU.ActiveCfg = Debug|Any CPU
		{C77C15D8-2CFE-41A8-AD8F-85F57B974AB2}.Debug|Any CPU.Build.0 = Debug|Any CPU
		{C77C15D8-2CFE-41A8-AD8F-85F57B974AB2}.Release|Any CPU.ActiveCfg = Release|Any CPU
		{C77C15D8-2CFE-41A8-AD8F-85F57B974AB2}.Release|Any CPU.Build.0 = Release|Any CPU
		{29D28083-F351-4755-99DC-8D66A701D0B7}.Debug|Any CPU.ActiveCfg = Debug|Any CPU
		{29D28083-F351-4755-99DC-8D66A701D0B7}.Debug|Any CPU.Build.0 = Debug|Any CPU
		{29D28083-F351-4755-99DC-8D66A701D0B7}.Release|Any CPU.ActiveCfg = Release|Any CPU
		{29D28083-F351-4755-99DC-8D66A701D0B7}.Release|Any CPU.Build.0 = Release|Any CPU
		{975AE170-9E91-4E61-A03E-79C80F963AEB}.Debug|Any CPU.ActiveCfg = Debug|Any CPU
		{975AE170-9E91-4E61-A03E-79C80F963AEB}.Debug|Any CPU.Build.0 = Debug|Any CPU
		{975AE170-9E91-4E61-A03E-79C80F963AEB}.Release|Any CPU.ActiveCfg = Release|Any CPU
		{975AE170-9E91-4E61-A03E-79C80F963AEB}.Release|Any CPU.Build.0 = Release|Any CPU
		{4AB2D2FE-CF3A-407D-B043-4E23E86565C5}.Debug|Any CPU.ActiveCfg = Debug|Any CPU
		{4AB2D2FE-CF3A-407D-B043-4E23E86565C5}.Debug|Any CPU.Build.0 = Debug|Any CPU
		{4AB2D2FE-CF3A-407D-B043-4E23E86565C5}.Release|Any CPU.ActiveCfg = Release|Any CPU
		{4AB2D2FE-CF3A-407D-B043-4E23E86565C5}.Release|Any CPU.Build.0 = Release|Any CPU
		{C689335E-E62A-498E-B5C6-AFE6918719B6}.Debug|Any CPU.ActiveCfg = Debug|Any CPU
		{C689335E-E62A-498E-B5C6-AFE6918719B6}.Debug|Any CPU.Build.0 = Debug|Any CPU
		{C689335E-E62A-498E-B5C6-AFE6918719B6}.Release|Any CPU.ActiveCfg = Release|Any CPU
		{C689335E-E62A-498E-B5C6-AFE6918719B6}.Release|Any CPU.Build.0 = Release|Any CPU
		{541DFFC7-8812-4F52-9603-4928010B2CBD}.Debug|Any CPU.ActiveCfg = Debug|Any CPU
		{541DFFC7-8812-4F52-9603-4928010B2CBD}.Debug|Any CPU.Build.0 = Debug|Any CPU
		{541DFFC7-8812-4F52-9603-4928010B2CBD}.Release|Any CPU.ActiveCfg = Release|Any CPU
		{541DFFC7-8812-4F52-9603-4928010B2CBD}.Release|Any CPU.Build.0 = Release|Any CPU
		{88F72A04-0E3A-4D18-8EB6-88345B361F6C}.Debug|Any CPU.ActiveCfg = Debug|Any CPU
		{88F72A04-0E3A-4D18-8EB6-88345B361F6C}.Debug|Any CPU.Build.0 = Debug|Any CPU
		{88F72A04-0E3A-4D18-8EB6-88345B361F6C}.Release|Any CPU.ActiveCfg = Release|Any CPU
		{88F72A04-0E3A-4D18-8EB6-88345B361F6C}.Release|Any CPU.Build.0 = Release|Any CPU
		{76B64E5F-F4DD-40AE-B314-4F5F85D7B422}.Debug|Any CPU.ActiveCfg = Debug|Any CPU
		{76B64E5F-F4DD-40AE-B314-4F5F85D7B422}.Debug|Any CPU.Build.0 = Debug|Any CPU
		{76B64E5F-F4DD-40AE-B314-4F5F85D7B422}.Release|Any CPU.ActiveCfg = Release|Any CPU
		{76B64E5F-F4DD-40AE-B314-4F5F85D7B422}.Release|Any CPU.Build.0 = Release|Any CPU
		{D350546E-73B4-4C87-A61D-BEC5B136D8C5}.Debug|Any CPU.ActiveCfg = Debug|Any CPU
		{D350546E-73B4-4C87-A61D-BEC5B136D8C5}.Debug|Any CPU.Build.0 = Debug|Any CPU
		{D350546E-73B4-4C87-A61D-BEC5B136D8C5}.Release|Any CPU.ActiveCfg = Release|Any CPU
		{D350546E-73B4-4C87-A61D-BEC5B136D8C5}.Release|Any CPU.Build.0 = Release|Any CPU
		{72A0759F-CC06-4E57-88B4-1B283CA3CC8C}.Debug|Any CPU.ActiveCfg = Debug|Any CPU
		{72A0759F-CC06-4E57-88B4-1B283CA3CC8C}.Debug|Any CPU.Build.0 = Debug|Any CPU
		{72A0759F-CC06-4E57-88B4-1B283CA3CC8C}.Release|Any CPU.ActiveCfg = Release|Any CPU
		{72A0759F-CC06-4E57-88B4-1B283CA3CC8C}.Release|Any CPU.Build.0 = Release|Any CPU
		{F4F4687F-7AC5-4901-B8C4-90F2A7C535A0}.Debug|Any CPU.ActiveCfg = Debug|Any CPU
		{F4F4687F-7AC5-4901-B8C4-90F2A7C535A0}.Debug|Any CPU.Build.0 = Debug|Any CPU
		{F4F4687F-7AC5-4901-B8C4-90F2A7C535A0}.Release|Any CPU.ActiveCfg = Release|Any CPU
		{F4F4687F-7AC5-4901-B8C4-90F2A7C535A0}.Release|Any CPU.Build.0 = Release|Any CPU
		{13A92F06-0F3F-4AA7-ADAA-A795520B4EB5}.Debug|Any CPU.ActiveCfg = Debug|Any CPU
		{13A92F06-0F3F-4AA7-ADAA-A795520B4EB5}.Debug|Any CPU.Build.0 = Debug|Any CPU
		{13A92F06-0F3F-4AA7-ADAA-A795520B4EB5}.Release|Any CPU.ActiveCfg = Release|Any CPU
		{13A92F06-0F3F-4AA7-ADAA-A795520B4EB5}.Release|Any CPU.Build.0 = Release|Any CPU
		{598A6FD0-F964-4F54-AF63-1A1CD9FD8E01}.Debug|Any CPU.ActiveCfg = Debug|Any CPU
		{598A6FD0-F964-4F54-AF63-1A1CD9FD8E01}.Debug|Any CPU.Build.0 = Debug|Any CPU
		{598A6FD0-F964-4F54-AF63-1A1CD9FD8E01}.Release|Any CPU.ActiveCfg = Release|Any CPU
		{598A6FD0-F964-4F54-AF63-1A1CD9FD8E01}.Release|Any CPU.Build.0 = Release|Any CPU
		{0812482E-1D63-465C-9228-55826AC5481A}.Debug|Any CPU.ActiveCfg = Debug|Any CPU
		{0812482E-1D63-465C-9228-55826AC5481A}.Debug|Any CPU.Build.0 = Debug|Any CPU
		{0812482E-1D63-465C-9228-55826AC5481A}.Release|Any CPU.ActiveCfg = Release|Any CPU
		{0812482E-1D63-465C-9228-55826AC5481A}.Release|Any CPU.Build.0 = Release|Any CPU
		{D51F9D3C-6261-4E3C-9E26-96399455D09F}.Debug|Any CPU.ActiveCfg = Debug|Any CPU
		{D51F9D3C-6261-4E3C-9E26-96399455D09F}.Debug|Any CPU.Build.0 = Debug|Any CPU
		{D51F9D3C-6261-4E3C-9E26-96399455D09F}.Release|Any CPU.ActiveCfg = Release|Any CPU
		{D51F9D3C-6261-4E3C-9E26-96399455D09F}.Release|Any CPU.Build.0 = Release|Any CPU
		{AC332BD1-D40F-4738-AE46-55BB8A742587}.Debug|Any CPU.ActiveCfg = Debug|Any CPU
		{AC332BD1-D40F-4738-AE46-55BB8A742587}.Debug|Any CPU.Build.0 = Debug|Any CPU
		{AC332BD1-D40F-4738-AE46-55BB8A742587}.Release|Any CPU.ActiveCfg = Release|Any CPU
		{AC332BD1-D40F-4738-AE46-55BB8A742587}.Release|Any CPU.Build.0 = Release|Any CPU
		{7B8B8D04-D032-4537-B002-D44D59286E6A}.Debug|Any CPU.ActiveCfg = Debug|Any CPU
		{7B8B8D04-D032-4537-B002-D44D59286E6A}.Debug|Any CPU.Build.0 = Debug|Any CPU
		{7B8B8D04-D032-4537-B002-D44D59286E6A}.Release|Any CPU.ActiveCfg = Release|Any CPU
		{7B8B8D04-D032-4537-B002-D44D59286E6A}.Release|Any CPU.Build.0 = Release|Any CPU
		{C544F89E-DE74-4676-9EF8-54625113859E}.Debug|Any CPU.ActiveCfg = Debug|Any CPU
		{C544F89E-DE74-4676-9EF8-54625113859E}.Debug|Any CPU.Build.0 = Debug|Any CPU
		{C544F89E-DE74-4676-9EF8-54625113859E}.Release|Any CPU.ActiveCfg = Release|Any CPU
		{C544F89E-DE74-4676-9EF8-54625113859E}.Release|Any CPU.Build.0 = Release|Any CPU
	EndGlobalSection
	GlobalSection(SolutionProperties) = preSolution
		HideSolutionNode = FALSE
	EndGlobalSection
	GlobalSection(NestedProjects) = preSolution
		{F4F4687F-7AC5-4901-B8C4-90F2A7C535A0} = {4E04C4A4-4508-461A-8910-B00D3B4E9E76}
		{13A92F06-0F3F-4AA7-ADAA-A795520B4EB5} = {4E04C4A4-4508-461A-8910-B00D3B4E9E76}
		{D51F9D3C-6261-4E3C-9E26-96399455D09F} = {CDD08D52-BBF8-4171-A444-BC860662DCCC}
		{AC332BD1-D40F-4738-AE46-55BB8A742587} = {CDD08D52-BBF8-4171-A444-BC860662DCCC}
		{7B8B8D04-D032-4537-B002-D44D59286E6A} = {CDD08D52-BBF8-4171-A444-BC860662DCCC}
		{C544F89E-DE74-4676-9EF8-54625113859E} = {CDD08D52-BBF8-4171-A444-BC860662DCCC}
	EndGlobalSection
	GlobalSection(ExtensibilityGlobals) = postSolution
		SolutionGuid = {31C5835C-4A11-4C79-BF38-E9C55F0F6E54}
	EndGlobalSection
EndGlobal
